
Microsoft Visual Studio Solution File, Format Version 12.00
# Visual Studio Version 17
VisualStudioVersion = 17.6.33829.357
MinimumVisualStudioVersion = 10.0.40219.1
Project("{9A19103F-16F7-4668-BE54-9A1E7A4F7556}") = "02-02-XMAL的属性和事件", "02-02-XMAL的属性和事件\02-02-XMAL的属性和事件.csproj", "{3D4087B4-A96B-4708-AC34-6D12079E7525}"
EndProject
Project("{9A19103F-16F7-4668-BE54-9A1E7A4F7556}") = "03-02-布局", "03-02-布局\03-02-布局.csproj", "{54B98C21-75D5-4F68-8F51-5859A0916738}"
EndProject
Project("{9A19103F-16F7-4668-BE54-9A1E7A4F7556}") = "03-03-WrapPanel和DockPanel", "03-03-WrapPanel和DockPanel\03-03-WrapPanel和DockPanel.csproj", "{2C0A5EBA-EE00-4336-BF2A-476D6D6323E0}"
EndProject
Project("{9A19103F-16F7-4668-BE54-9A1E7A4F7556}") = "03-04-Grid面板", "03-04-Grid面板\03-04-Grid面板.csproj", "{DA13B675-E9C7-4C44-8978-2FF77ED8CD3A}"
EndProject
Project("{9A19103F-16F7-4668-BE54-9A1E7A4F7556}") = "03-05-Canvas面板", "03-05-Canvas面板\03-05-Canvas面板.csproj", "{637B97DD-1030-4AA2-9E4E-1841D88EEC43}"
EndProject
Project("{9A19103F-16F7-4668-BE54-9A1E7A4F7556}") = "05-02-事件路由", "05-02-事件路由\05-02-事件路由.csproj", "{AD357325-9E71-4E37-9912-C450B68F3748}"
EndProject
Project("{9A19103F-16F7-4668-BE54-9A1E7A4F7556}") = "05-04-键盘输入", "05-04-键盘输入\05-04-键盘输入.csproj", "{4F2E78DE-C548-4530-9608-58779926C552}"
EndProject
Project("{9A19103F-16F7-4668-BE54-9A1E7A4F7556}") = "06-01-控件类", "06-01-控件类\06-01-控件类.csproj", "{E0E46591-CA84-46B6-8BEF-9443ADE14431}"
EndProject
Project("{9A19103F-16F7-4668-BE54-9A1E7A4F7556}") = "06-02-内容控件", "06-02-内容控件\06-02-内容控件.csproj", "{4483C45E-BB14-4CAF-9B66-6004152EAAAC}"
EndProject
Project("{9A19103F-16F7-4668-BE54-9A1E7A4F7556}") = "06-03-特殊容器", "06-03-特殊容器\06-03-特殊容器.csproj", "{D1D22F1F-5381-436C-969B-63652898BDC3}"
EndProject
Project("{9A19103F-16F7-4668-BE54-9A1E7A4F7556}") = "06-04-文本控件", "06-04-文本控件\06-04-文本控件.csproj", "{7DE46FA4-2D70-4CD7-9FBB-96FA702D9B52}"
EndProject
Project("{9A19103F-16F7-4668-BE54-9A1E7A4F7556}") = "06-05-列表控件", "06-05-列表控件\06-05-列表控件.csproj", "{62D44B70-1137-47CB-B2B8-8F78FD2F3AEA}"
EndProject
Project("{9A19103F-16F7-4668-BE54-9A1E7A4F7556}") = "06-06-基于范围的控件", "06-06-基于范围的控件\06-06-基于范围的控件.csproj", "{46EBFA8F-62C2-4DB8-9861-D17E739816CC}"
EndProject
Project("{9A19103F-16F7-4668-BE54-9A1E7A4F7556}") = "06-07-日期控件", "06-07-日期控件\06-07-日期控件.csproj", "{83611608-4F17-4759-A851-CA84D985F520}"
EndProject
Project("{9A19103F-16F7-4668-BE54-9A1E7A4F7556}") = "07-01-应用程序的生命周期", "06-08-应用程序的生命周期\07-01-应用程序的生命周期.csproj", "{13C5D22F-0AE3-4E7A-8BEC-09EF8F8F3033}"
EndProject
Project("{9A19103F-16F7-4668-BE54-9A1E7A4F7556}") = "07-02-Application的任务", "07-02-Application的任务\07-02-Application的任务.csproj", "{321E4883-4466-4174-A841-18E17209212F}"
EndProject
Project("{9A19103F-16F7-4668-BE54-9A1E7A4F7556}") = "07-03-程序集资源", "07-03-程序集资源\07-03-程序集资源.csproj", "{B2411CA4-5B94-4140-86FA-02107061C217}"
EndProject
Project("{9A19103F-16F7-4668-BE54-9A1E7A4F7556}") = "07-03-TestLib", "07-03-测试类库\07-03-TestLib.csproj", "{A7EA09C4-28E8-485B-B93C-61F64B77EE27}"
EndProject
Project("{9A19103F-16F7-4668-BE54-9A1E7A4F7556}") = "08-01-将元素绑定在一起", "08-01-将元素绑定在一起\08-01-将元素绑定在一起.csproj", "{4BACA10A-BC81-4872-85C5-29FEA91D8D4A}"
EndProject
Project("{9A19103F-16F7-4668-BE54-9A1E7A4F7556}") = "08-02-绑定到非元素对象", "08-02-绑定到非元素对象\08-02-绑定到非元素对象.csproj", "{60FCD47C-5035-4079-9B68-48D05B32D81F}"
EndProject
Project("{9A19103F-16F7-4668-BE54-9A1E7A4F7556}") = "09-01-命令理解", "09-01-命令理解\09-01-命令理解.csproj", "{E3BC036F-3B61-4617-B71C-D0E643C6A9DD}"
EndProject
Project("{9A19103F-16F7-4668-BE54-9A1E7A4F7556}") = "09-02-WPF命令模型和应用", "09-02-WPF命令模型和应用\09-02-WPF命令模型和应用.csproj", "{B7D341A7-33DE-4245-9A07-D2814CCF1748}"
EndProject
Project("{9A19103F-16F7-4668-BE54-9A1E7A4F7556}") = "10-01-资源基础", "10-01-资源基础\10-01-资源基础.csproj", "{96ABF4F1-E0FB-4779-93E3-64F11CDCC451}"
EndProject
Project("{2150E333-8FDC-42A3-9474-1A3956D46DE8}") = "02-XAML", "02-XAML", "{597F3950-7EDE-4901-BD63-ABDF8C6A365E}"
EndProject
Project("{2150E333-8FDC-42A3-9474-1A3956D46DE8}") = "03-布局", "03-布局", "{F68F9531-D378-4E58-9C2A-21330E99B355}"
EndProject
Project("{2150E333-8FDC-42A3-9474-1A3956D46DE8}") = "05-路由事件", "05-路由事件", "{ED863340-0EB0-4C58-8ACD-41474DBB7699}"
EndProject
Project("{2150E333-8FDC-42A3-9474-1A3956D46DE8}") = "06-控件", "06-控件", "{7E800F39-4306-45DD-91F4-432F734DD898}"
EndProject
Project("{2150E333-8FDC-42A3-9474-1A3956D46DE8}") = "07-Application类", "07-Application类", "{8281B460-D130-41B1-9591-DB29B5ADDC14}"
EndProject
Project("{2150E333-8FDC-42A3-9474-1A3956D46DE8}") = "08-元素绑定", "08-元素绑定", "{88C7D41D-F2AC-47D7-A76D-114EBFED1AF1}"
	ProjectSection(SolutionItems) = preProject
		17-02-创建控件模板\AssemblyInfo.cs = 17-02-创建控件模板\AssemblyInfo.cs
	EndProjectSection
EndProject
Project("{2150E333-8FDC-42A3-9474-1A3956D46DE8}") = "09-命令", "09-命令", "{7722498C-3A9E-4229-B906-80847E785E6E}"
EndProject
Project("{2150E333-8FDC-42A3-9474-1A3956D46DE8}") = "10-资源", "10-资源", "{60A34CD4-514A-453B-BEED-61C4C9E19117}"
EndProject
Project("{9A19103F-16F7-4668-BE54-9A1E7A4F7556}") = "10-02-资源字典", "10-02-资源字典\10-02-资源字典.csproj", "{62514804-C202-4B8B-8BC0-04E114102D3C}"
EndProject
Project("{9A19103F-16F7-4668-BE54-9A1E7A4F7556}") = "10-02-TestLib", "10-02TestLib\10-02-TestLib.csproj", "{2AD227DD-D38F-4C22-A531-73842DAA8129}"
EndProject
Project("{2150E333-8FDC-42A3-9474-1A3956D46DE8}") = "11-样式和行为", "11-样式和行为", "{2A8E7E2B-9562-481A-8CB8-22CFCAFF378E}"
EndProject
Project("{9A19103F-16F7-4668-BE54-9A1E7A4F7556}") = "11-01-样式基础", "11-01-样式基础\11-01-样式基础.csproj", "{4CD1233D-C16D-4983-879A-18E46489D18E}"
EndProject
Project("{9A19103F-16F7-4668-BE54-9A1E7A4F7556}") = "11-02-触发器", "11-02-触发器\11-02-触发器.csproj", "{FBF24D65-7B9E-4F43-B517-A0BF44DD0132}"
EndProject
Project("{9A19103F-16F7-4668-BE54-9A1E7A4F7556}") = "11-03-行为", "11-03-行为\11-03-行为.csproj", "{8F253285-A57F-4AB7-9F1B-4FBC592AC493}"
EndProject
Project("{2150E333-8FDC-42A3-9474-1A3956D46DE8}") = "12-形状、画刷和变换", "12-形状、画刷和变换", "{B63C8429-36D6-4E01-BCC8-64524D5093E5}"
EndProject
Project("{9A19103F-16F7-4668-BE54-9A1E7A4F7556}") = "12-01-理解形状", "12-01-理解形状\12-01-理解形状.csproj", "{843977A7-04F9-423D-977C-0F4BE823CEDD}"
EndProject
Project("{9A19103F-16F7-4668-BE54-9A1E7A4F7556}") = "12-02-画刷", "12-02-画刷\12-02-画刷.csproj", "{79CE4078-C1F8-4A51-8620-60E9AC6684B1}"
EndProject
Project("{9A19103F-16F7-4668-BE54-9A1E7A4F7556}") = "12-03-变换", "12-03-变换\12-03-变换.csproj", "{C22B78BE-417D-44C3-A9A1-82187A7C490B}"
EndProject
Project("{9A19103F-16F7-4668-BE54-9A1E7A4F7556}") = "12-04-透明", "12-04-透明\12-04-透明.csproj", "{FCEF6287-B050-4931-9A42-B4B962251DC6}"
EndProject
Project("{2150E333-8FDC-42A3-9474-1A3956D46DE8}") = "13-几何和图形", "13-几何和图形", "{E8D30A03-BE38-47FA-91B8-1233BC43D950}"
EndProject
Project("{9A19103F-16F7-4668-BE54-9A1E7A4F7556}") = "13-01-路径和几何图形", "13-01-路径和几何图形\13-01-路径和几何图形.csproj", "{BEAD2632-5C4C-4B87-ACC8-1199E524550B}"
EndProject
Project("{9A19103F-16F7-4668-BE54-9A1E7A4F7556}") = "13-02-图画", "13-02-图画\13-02-图画.csproj", "{66815C72-CC44-4B3E-AB7F-BCD1EB7FFDB0}"
EndProject
Project("{2150E333-8FDC-42A3-9474-1A3956D46DE8}") = "14-效果和可视化对象", "14-效果和可视化对象", "{8EE4221D-6BCC-4D54-9FA3-BF5A1083DC4D}"
EndProject
Project("{9A19103F-16F7-4668-BE54-9A1E7A4F7556}") = "14-01-可视化对象", "14-01-可视化对象\14-01-可视化对象.csproj", "{530BDB0D-F992-4F70-9C3F-941EC37F745C}"
EndProject
Project("{9A19103F-16F7-4668-BE54-9A1E7A4F7556}") = "14-02-效果", "14-02-效果\14-02-效果.csproj", "{103DDF42-4740-4A0C-AE55-3228920D9EB6}"
EndProject
Project("{9A19103F-16F7-4668-BE54-9A1E7A4F7556}") = "14-03-WriteableBitmap类", "14-03-WriteableBitmap类\14-03-WriteableBitmap类.csproj", "{8DFDAD0B-6E50-44EF-B6CA-5D1CA8D78079}"
EndProject
Project("{2150E333-8FDC-42A3-9474-1A3956D46DE8}") = "15-动画基础", "15-动画基础", "{95D7DBA7-8287-4CD8-931D-E96F57B5D4EA}"
EndProject
Project("{9A19103F-16F7-4668-BE54-9A1E7A4F7556}") = "15-02-基本动画", "15-02-基本动画\15-02-基本动画.csproj", "{A6B0C814-4D4E-46F8-8BAF-927AD8AA2040}"
EndProject
Project("{9A19103F-16F7-4668-BE54-9A1E7A4F7556}") = "15-03-故事板", "15-03-故事板\15-03-故事板.csproj", "{841004CB-60EE-4C9F-B0E0-C954EF003A33}"
EndProject
Project("{9A19103F-16F7-4668-BE54-9A1E7A4F7556}") = "15-04-动画缓动", "15-04-动画缓动\15-04-动画缓动.csproj", "{E063037E-F8D7-45F0-9A43-EFA48674214A}"
EndProject
Project("{9A19103F-16F7-4668-BE54-9A1E7A4F7556}") = "15-04-动画性能", "15-04-动画性能\15-04-动画性能.csproj", "{65E42896-62E9-42B2-BE81-0B779F6E3A24}"
EndProject
Project("{2150E333-8FDC-42A3-9474-1A3956D46DE8}") = "16-高级动画", "16-高级动画", "{A3694277-E2F7-4A4D-930B-6880FF5FDC71}"
EndProject
Project("{9A19103F-16F7-4668-BE54-9A1E7A4F7556}") = "16-01-动画类型回顾", "16-01-动画类型回顾\16-01-动画类型回顾.csproj", "{01F06C57-9DFF-4BFF-A35A-F4B469324FD4}"
EndProject
Project("{9A19103F-16F7-4668-BE54-9A1E7A4F7556}") = "16-02-关键帧动画", "16-02-关键帧动画\16-02-关键帧动画.csproj", "{1F9C33BC-051F-4752-A517-FED693FC3524}"
EndProject
Project("{9A19103F-16F7-4668-BE54-9A1E7A4F7556}") = "16-03-基于路径的动画", "16-03-基于路径的动画\16-03-基于路径的动画.csproj", "{FAD013CA-0D4B-4816-AA00-49BC3D312A3C}"
EndProject
Project("{9A19103F-16F7-4668-BE54-9A1E7A4F7556}") = "16-04-基于帧的动画", "16-04-基于帧的动画\16-04-基于帧的动画.csproj", "{CC77C8DC-5042-4B43-A35D-7393C5DD4AC4}"
EndProject
Project("{9A19103F-16F7-4668-BE54-9A1E7A4F7556}") = "16-05-使用代码创建故事板", "16-05-使用代码创建故事板\16-05-使用代码创建故事板.csproj", "{48F88993-C23C-4FB5-9DEE-01DCD2022335}"
EndProject
Project("{2150E333-8FDC-42A3-9474-1A3956D46DE8}") = "17-模板和自定义元素", "17-模板和自定义元素", "{89B6E1EB-374B-4DEC-A9E9-C193DF7CF1CB}"
EndProject
Project("{9A19103F-16F7-4668-BE54-9A1E7A4F7556}") = "17-02-创建控件模板", "17-02-创建控件模板\17-02-创建控件模板.csproj", "{E9A804D4-E435-406C-B658-B6135444A8D5}"
EndProject
Project("{9A19103F-16F7-4668-BE54-9A1E7A4F7556}") = "17-03-组织模板资源", "17-03-组织模板资源\17-03-组织模板资源.csproj", "{08F6AB34-0A2C-49B6-85B2-70A91418D40E}"
EndProject
Project("{9A19103F-16F7-4668-BE54-9A1E7A4F7556}") = "17-04-构建更复杂的模板-01-ListBox模板", "17-04-构建更复杂的模板-01-ListBox模板\17-04-构建更复杂的模板-01-ListBox模板.csproj", "{F1ED2E88-01A5-470A-B62E-33360EDAA442}"
EndProject
Project("{9A19103F-16F7-4668-BE54-9A1E7A4F7556}") = "17-04-构建更复杂的模板-02-ScrollBar模板", "17-04-构建更复杂的模板-02-ScrollBar模板\17-04-构建更复杂的模板-02-ScrollBar模板.csproj", "{6ED85344-EAC2-4270-A1B4-7D41F048EE71}"
EndProject
Project("{2150E333-8FDC-42A3-9474-1A3956D46DE8}") = "18-自定义元素", "18-自定义元素", "{FFE2B465-C52C-4E3A-A860-AE462F5F127E}"
EndProject
Project("{9A19103F-16F7-4668-BE54-9A1E7A4F7556}") = "18-02-构建基本的用户控件-01", "18-02-构建基本的用户控件-01\18-02-构建基本的用户控件-01.csproj", "{63CCBA94-9CC4-4955-A46F-1323EAEC73CC}"
EndProject
Project("{9A19103F-16F7-4668-BE54-9A1E7A4F7556}") = "18-01-CustomSontrolLib", "18-01-CustomSontrolLib\18-01-CustomSontrolLib.csproj", "{B97D6A1C-28E3-444C-A7E9-B7CB83D32110}"
EndProject
Project("{9A19103F-16F7-4668-BE54-9A1E7A4F7556}") = "18-02-构建基本的用户控件-02", "18-02-构建基本的用户控件-02\18-02-构建基本的用户控件-02.csproj", "{90B6A6F2-F354-4A76-8A0C-5BB0FF70A731}"
EndProject
Project("{9A19103F-16F7-4668-BE54-9A1E7A4F7556}") = "18-03-创建无外观的控件-01", "18-03-创建无外观的控件-01\18-03-创建无外观的控件-01.csproj", "{83AC1183-C4C0-4B18-A7F9-F162FC1707AF}"
EndProject
Project("{9A19103F-16F7-4668-BE54-9A1E7A4F7556}") = "18-03-CustomControlLib", "18-03-CustomControlLib\18-03-CustomControlLib.csproj", "{80A000CE-DD1D-459C-956F-0BF68764356E}"
EndProject
Project("{9A19103F-16F7-4668-BE54-9A1E7A4F7556}") = "18-04-支持可视化状态-01", "18-04-支持可视化状态-01\18-04-支持可视化状态-01.csproj", "{32DABA1B-E922-4F5A-91B2-D45E17CFCF6F}"
EndProject
Project("{9A19103F-16F7-4668-BE54-9A1E7A4F7556}") = "18-04-CustomControlLib", "18-04-CustomControlLib\18-04-CustomControlLib.csproj", "{B6AE1499-49F3-4339-B8DD-46EDB8B0D6C5}"
EndProject
Project("{9A19103F-16F7-4668-BE54-9A1E7A4F7556}") = "18-04-支持可视化状态-02", "18-04-支持可视化状态-02\18-04-支持可视化状态-02.csproj", "{A9549A96-6BFA-48DA-A66B-931EFFB539B5}"
EndProject
Project("{9A19103F-16F7-4668-BE54-9A1E7A4F7556}") = "18-05-创建自定义面板", "18-05-创建自定义面板\18-05-创建自定义面板.csproj", "{2BAC538E-E5E9-4456-88B4-4AAFACBC3123}"
EndProject
Project("{9A19103F-16F7-4668-BE54-9A1E7A4F7556}") = "18-05-CustomControlLib", "18-05-CustomControlLib\18-05-CustomControlLib.csproj", "{B4582A5F-6C1C-4F72-A432-D9A3FFADEA9F}"
EndProject
Project("{9A19103F-16F7-4668-BE54-9A1E7A4F7556}") = "18-06-自定义绘图元素", "18-06-自定义绘图元素\18-06-自定义绘图元素.csproj", "{795E1C14-6AAD-41A2-A79E-23C707DC27EE}"
EndProject
Project("{2150E333-8FDC-42A3-9474-1A3956D46DE8}") = "19-数据绑定", "19-数据绑定", "{4237019E-2601-49E7-8316-9C364E9F4427}"
EndProject
Project("{9A19103F-16F7-4668-BE54-9A1E7A4F7556}") = "19-01-绑定到数据对象", "19-01-绑定到数据对象\19-01-绑定到数据对象.csproj", "{C50E1AFC-8BD4-4631-8336-3B2D855C7675}"
EndProject
Project("{9A19103F-16F7-4668-BE54-9A1E7A4F7556}") = "19-02-绑定到对象集合", "19-02-绑定到对象集合\19-02-绑定到对象集合.csproj", "{4AAADD5B-149A-4039-832F-31176B4B2BC9}"
EndProject
Project("{9A19103F-16F7-4668-BE54-9A1E7A4F7556}") = "19-03-验证", "19-03-验证\19-03-验证.csproj", "{AF25A90C-FEE0-4016-B985-A9E0B082458D}"
EndProject
Project("{2150E333-8FDC-42A3-9474-1A3956D46DE8}") = "20-格式化绑定的数据", "20-格式化绑定的数据", "{D97BAB4B-D5D1-412A-9D31-4B6390D4775E}"
EndProject
Project("{9A19103F-16F7-4668-BE54-9A1E7A4F7556}") = "20-01-数据转换", "20-01-数据转换\20-01-数据转换.csproj", "{38BD0B84-48AB-4FED-804B-D586852F12F1}"
EndProject
Project("{9A19103F-16F7-4668-BE54-9A1E7A4F7556}") = "20-02列表样式", "20-02列表样式\20-02列表样式.csproj", "{14DAE5D6-D444-4105-919F-2624EF74BCF1}"
EndProject
Project("{9A19103F-16F7-4668-BE54-9A1E7A4F7556}") = "20-03-数据模板", "20-03-数据模板\20-03-数据模板.csproj", "{963BCC43-B344-4FC6-8E86-7D504E16F9C6}"
EndProject
Project("{9A19103F-16F7-4668-BE54-9A1E7A4F7556}") = "20-04-ComBox控件", "20-04-ComBox控件\20-04-ComBox控件.csproj", "{831B2E96-5D59-487E-A773-F1427A931B63}"
EndProject
Project("{2150E333-8FDC-42A3-9474-1A3956D46DE8}") = "21-数据视图", "21-数据视图", "{983B3722-5BC0-44B0-8F06-A8B769088CF1}"
EndProject
Project("{9A19103F-16F7-4668-BE54-9A1E7A4F7556}") = "21-01-View对象", "21-01-View对象\21-01-View对象.csproj", "{BFFF3EE2-24DE-4AE9-B737-06BF313655AD}"
EndProject
Project("{9A19103F-16F7-4668-BE54-9A1E7A4F7556}") = "21-02-过滤排序和分组", "21-02-过滤排序和分组\21-02-过滤排序和分组.csproj", "{27B13B06-69F1-4908-8700-8BDE94341D04}"
EndProject
Project("{2150E333-8FDC-42A3-9474-1A3956D46DE8}") = "22-列表、树和网格", "22-列表、树和网格", "{1994EF6D-2EFA-405E-9973-CBA70EDA3A16}"
EndProject
Project("{FAE04EC0-301F-11D3-BF4B-00C04F79EFBC}") = "22-01-ListView控件", "22-01-ListView控件\22-01-ListView控件.csproj", "{940E4760-C0B4-4915-A121-7BE79E44251A}"
EndProject
Global
	GlobalSection(SolutionConfigurationPlatforms) = preSolution
		Debug|Any CPU = Debug|Any CPU
		Release|Any CPU = Release|Any CPU
	EndGlobalSection
	GlobalSection(ProjectConfigurationPlatforms) = postSolution
		{3D4087B4-A96B-4708-AC34-6D12079E7525}.Debug|Any CPU.ActiveCfg = Debug|Any CPU
		{3D4087B4-A96B-4708-AC34-6D12079E7525}.Debug|Any CPU.Build.0 = Debug|Any CPU
		{3D4087B4-A96B-4708-AC34-6D12079E7525}.Release|Any CPU.ActiveCfg = Release|Any CPU
		{3D4087B4-A96B-4708-AC34-6D12079E7525}.Release|Any CPU.Build.0 = Release|Any CPU
		{54B98C21-75D5-4F68-8F51-5859A0916738}.Debug|Any CPU.ActiveCfg = Debug|Any CPU
		{54B98C21-75D5-4F68-8F51-5859A0916738}.Debug|Any CPU.Build.0 = Debug|Any CPU
		{54B98C21-75D5-4F68-8F51-5859A0916738}.Release|Any CPU.ActiveCfg = Release|Any CPU
		{54B98C21-75D5-4F68-8F51-5859A0916738}.Release|Any CPU.Build.0 = Release|Any CPU
		{2C0A5EBA-EE00-4336-BF2A-476D6D6323E0}.Debug|Any CPU.ActiveCfg = Debug|Any CPU
		{2C0A5EBA-EE00-4336-BF2A-476D6D6323E0}.Debug|Any CPU.Build.0 = Debug|Any CPU
		{2C0A5EBA-EE00-4336-BF2A-476D6D6323E0}.Release|Any CPU.ActiveCfg = Release|Any CPU
		{2C0A5EBA-EE00-4336-BF2A-476D6D6323E0}.Release|Any CPU.Build.0 = Release|Any CPU
		{DA13B675-E9C7-4C44-8978-2FF77ED8CD3A}.Debug|Any CPU.ActiveCfg = Debug|Any CPU
		{DA13B675-E9C7-4C44-8978-2FF77ED8CD3A}.Debug|Any CPU.Build.0 = Debug|Any CPU
		{DA13B675-E9C7-4C44-8978-2FF77ED8CD3A}.Release|Any CPU.ActiveCfg = Release|Any CPU
		{DA13B675-E9C7-4C44-8978-2FF77ED8CD3A}.Release|Any CPU.Build.0 = Release|Any CPU
		{637B97DD-1030-4AA2-9E4E-1841D88EEC43}.Debug|Any CPU.ActiveCfg = Debug|Any CPU
		{637B97DD-1030-4AA2-9E4E-1841D88EEC43}.Debug|Any CPU.Build.0 = Debug|Any CPU
		{637B97DD-1030-4AA2-9E4E-1841D88EEC43}.Release|Any CPU.ActiveCfg = Release|Any CPU
		{637B97DD-1030-4AA2-9E4E-1841D88EEC43}.Release|Any CPU.Build.0 = Release|Any CPU
		{AD357325-9E71-4E37-9912-C450B68F3748}.Debug|Any CPU.ActiveCfg = Debug|Any CPU
		{AD357325-9E71-4E37-9912-C450B68F3748}.Debug|Any CPU.Build.0 = Debug|Any CPU
		{AD357325-9E71-4E37-9912-C450B68F3748}.Release|Any CPU.ActiveCfg = Release|Any CPU
		{AD357325-9E71-4E37-9912-C450B68F3748}.Release|Any CPU.Build.0 = Release|Any CPU
		{4F2E78DE-C548-4530-9608-58779926C552}.Debug|Any CPU.ActiveCfg = Debug|Any CPU
		{4F2E78DE-C548-4530-9608-58779926C552}.Debug|Any CPU.Build.0 = Debug|Any CPU
		{4F2E78DE-C548-4530-9608-58779926C552}.Release|Any CPU.ActiveCfg = Release|Any CPU
		{4F2E78DE-C548-4530-9608-58779926C552}.Release|Any CPU.Build.0 = Release|Any CPU
		{E0E46591-CA84-46B6-8BEF-9443ADE14431}.Debug|Any CPU.ActiveCfg = Debug|Any CPU
		{E0E46591-CA84-46B6-8BEF-9443ADE14431}.Debug|Any CPU.Build.0 = Debug|Any CPU
		{E0E46591-CA84-46B6-8BEF-9443ADE14431}.Release|Any CPU.ActiveCfg = Release|Any CPU
		{E0E46591-CA84-46B6-8BEF-9443ADE14431}.Release|Any CPU.Build.0 = Release|Any CPU
		{4483C45E-BB14-4CAF-9B66-6004152EAAAC}.Debug|Any CPU.ActiveCfg = Debug|Any CPU
		{4483C45E-BB14-4CAF-9B66-6004152EAAAC}.Debug|Any CPU.Build.0 = Debug|Any CPU
		{4483C45E-BB14-4CAF-9B66-6004152EAAAC}.Release|Any CPU.ActiveCfg = Release|Any CPU
		{4483C45E-BB14-4CAF-9B66-6004152EAAAC}.Release|Any CPU.Build.0 = Release|Any CPU
		{D1D22F1F-5381-436C-969B-63652898BDC3}.Debug|Any CPU.ActiveCfg = Debug|Any CPU
		{D1D22F1F-5381-436C-969B-63652898BDC3}.Debug|Any CPU.Build.0 = Debug|Any CPU
		{D1D22F1F-5381-436C-969B-63652898BDC3}.Release|Any CPU.ActiveCfg = Release|Any CPU
		{D1D22F1F-5381-436C-969B-63652898BDC3}.Release|Any CPU.Build.0 = Release|Any CPU
		{7DE46FA4-2D70-4CD7-9FBB-96FA702D9B52}.Debug|Any CPU.ActiveCfg = Debug|Any CPU
		{7DE46FA4-2D70-4CD7-9FBB-96FA702D9B52}.Debug|Any CPU.Build.0 = Debug|Any CPU
		{7DE46FA4-2D70-4CD7-9FBB-96FA702D9B52}.Release|Any CPU.ActiveCfg = Release|Any CPU
		{7DE46FA4-2D70-4CD7-9FBB-96FA702D9B52}.Release|Any CPU.Build.0 = Release|Any CPU
		{62D44B70-1137-47CB-B2B8-8F78FD2F3AEA}.Debug|Any CPU.ActiveCfg = Debug|Any CPU
		{62D44B70-1137-47CB-B2B8-8F78FD2F3AEA}.Debug|Any CPU.Build.0 = Debug|Any CPU
		{62D44B70-1137-47CB-B2B8-8F78FD2F3AEA}.Release|Any CPU.ActiveCfg = Release|Any CPU
		{62D44B70-1137-47CB-B2B8-8F78FD2F3AEA}.Release|Any CPU.Build.0 = Release|Any CPU
		{46EBFA8F-62C2-4DB8-9861-D17E739816CC}.Debug|Any CPU.ActiveCfg = Debug|Any CPU
		{46EBFA8F-62C2-4DB8-9861-D17E739816CC}.Debug|Any CPU.Build.0 = Debug|Any CPU
		{46EBFA8F-62C2-4DB8-9861-D17E739816CC}.Release|Any CPU.ActiveCfg = Release|Any CPU
		{46EBFA8F-62C2-4DB8-9861-D17E739816CC}.Release|Any CPU.Build.0 = Release|Any CPU
		{83611608-4F17-4759-A851-CA84D985F520}.Debug|Any CPU.ActiveCfg = Debug|Any CPU
		{83611608-4F17-4759-A851-CA84D985F520}.Debug|Any CPU.Build.0 = Debug|Any CPU
		{83611608-4F17-4759-A851-CA84D985F520}.Release|Any CPU.ActiveCfg = Release|Any CPU
		{83611608-4F17-4759-A851-CA84D985F520}.Release|Any CPU.Build.0 = Release|Any CPU
		{13C5D22F-0AE3-4E7A-8BEC-09EF8F8F3033}.Debug|Any CPU.ActiveCfg = Debug|Any CPU
		{13C5D22F-0AE3-4E7A-8BEC-09EF8F8F3033}.Debug|Any CPU.Build.0 = Debug|Any CPU
		{13C5D22F-0AE3-4E7A-8BEC-09EF8F8F3033}.Release|Any CPU.ActiveCfg = Release|Any CPU
		{13C5D22F-0AE3-4E7A-8BEC-09EF8F8F3033}.Release|Any CPU.Build.0 = Release|Any CPU
		{321E4883-4466-4174-A841-18E17209212F}.Debug|Any CPU.ActiveCfg = Debug|Any CPU
		{321E4883-4466-4174-A841-18E17209212F}.Debug|Any CPU.Build.0 = Debug|Any CPU
		{321E4883-4466-4174-A841-18E17209212F}.Release|Any CPU.ActiveCfg = Release|Any CPU
		{321E4883-4466-4174-A841-18E17209212F}.Release|Any CPU.Build.0 = Release|Any CPU
		{B2411CA4-5B94-4140-86FA-02107061C217}.Debug|Any CPU.ActiveCfg = Debug|Any CPU
		{B2411CA4-5B94-4140-86FA-02107061C217}.Debug|Any CPU.Build.0 = Debug|Any CPU
		{B2411CA4-5B94-4140-86FA-02107061C217}.Release|Any CPU.ActiveCfg = Release|Any CPU
		{B2411CA4-5B94-4140-86FA-02107061C217}.Release|Any CPU.Build.0 = Release|Any CPU
		{A7EA09C4-28E8-485B-B93C-61F64B77EE27}.Debug|Any CPU.ActiveCfg = Debug|Any CPU
		{A7EA09C4-28E8-485B-B93C-61F64B77EE27}.Debug|Any CPU.Build.0 = Debug|Any CPU
		{A7EA09C4-28E8-485B-B93C-61F64B77EE27}.Release|Any CPU.ActiveCfg = Release|Any CPU
		{A7EA09C4-28E8-485B-B93C-61F64B77EE27}.Release|Any CPU.Build.0 = Release|Any CPU
		{4BACA10A-BC81-4872-85C5-29FEA91D8D4A}.Debug|Any CPU.ActiveCfg = Debug|Any CPU
		{4BACA10A-BC81-4872-85C5-29FEA91D8D4A}.Debug|Any CPU.Build.0 = Debug|Any CPU
		{4BACA10A-BC81-4872-85C5-29FEA91D8D4A}.Release|Any CPU.ActiveCfg = Release|Any CPU
		{4BACA10A-BC81-4872-85C5-29FEA91D8D4A}.Release|Any CPU.Build.0 = Release|Any CPU
		{60FCD47C-5035-4079-9B68-48D05B32D81F}.Debug|Any CPU.ActiveCfg = Debug|Any CPU
		{60FCD47C-5035-4079-9B68-48D05B32D81F}.Debug|Any CPU.Build.0 = Debug|Any CPU
		{60FCD47C-5035-4079-9B68-48D05B32D81F}.Release|Any CPU.ActiveCfg = Release|Any CPU
		{60FCD47C-5035-4079-9B68-48D05B32D81F}.Release|Any CPU.Build.0 = Release|Any CPU
		{E3BC036F-3B61-4617-B71C-D0E643C6A9DD}.Debug|Any CPU.ActiveCfg = Debug|Any CPU
		{E3BC036F-3B61-4617-B71C-D0E643C6A9DD}.Debug|Any CPU.Build.0 = Debug|Any CPU
		{E3BC036F-3B61-4617-B71C-D0E643C6A9DD}.Release|Any CPU.ActiveCfg = Release|Any CPU
		{E3BC036F-3B61-4617-B71C-D0E643C6A9DD}.Release|Any CPU.Build.0 = Release|Any CPU
		{B7D341A7-33DE-4245-9A07-D2814CCF1748}.Debug|Any CPU.ActiveCfg = Debug|Any CPU
		{B7D341A7-33DE-4245-9A07-D2814CCF1748}.Debug|Any CPU.Build.0 = Debug|Any CPU
		{B7D341A7-33DE-4245-9A07-D2814CCF1748}.Release|Any CPU.ActiveCfg = Release|Any CPU
		{B7D341A7-33DE-4245-9A07-D2814CCF1748}.Release|Any CPU.Build.0 = Release|Any CPU
		{96ABF4F1-E0FB-4779-93E3-64F11CDCC451}.Debug|Any CPU.ActiveCfg = Debug|Any CPU
		{96ABF4F1-E0FB-4779-93E3-64F11CDCC451}.Debug|Any CPU.Build.0 = Debug|Any CPU
		{96ABF4F1-E0FB-4779-93E3-64F11CDCC451}.Release|Any CPU.ActiveCfg = Release|Any CPU
		{96ABF4F1-E0FB-4779-93E3-64F11CDCC451}.Release|Any CPU.Build.0 = Release|Any CPU
		{62514804-C202-4B8B-8BC0-04E114102D3C}.Debug|Any CPU.ActiveCfg = Debug|Any CPU
		{62514804-C202-4B8B-8BC0-04E114102D3C}.Debug|Any CPU.Build.0 = Debug|Any CPU
		{62514804-C202-4B8B-8BC0-04E114102D3C}.Release|Any CPU.ActiveCfg = Release|Any CPU
		{62514804-C202-4B8B-8BC0-04E114102D3C}.Release|Any CPU.Build.0 = Release|Any CPU
		{2AD227DD-D38F-4C22-A531-73842DAA8129}.Debug|Any CPU.ActiveCfg = Debug|Any CPU
		{2AD227DD-D38F-4C22-A531-73842DAA8129}.Debug|Any CPU.Build.0 = Debug|Any CPU
		{2AD227DD-D38F-4C22-A531-73842DAA8129}.Release|Any CPU.ActiveCfg = Release|Any CPU
		{2AD227DD-D38F-4C22-A531-73842DAA8129}.Release|Any CPU.Build.0 = Release|Any CPU
		{4CD1233D-C16D-4983-879A-18E46489D18E}.Debug|Any CPU.ActiveCfg = Debug|Any CPU
		{4CD1233D-C16D-4983-879A-18E46489D18E}.Debug|Any CPU.Build.0 = Debug|Any CPU
		{4CD1233D-C16D-4983-879A-18E46489D18E}.Release|Any CPU.ActiveCfg = Release|Any CPU
		{4CD1233D-C16D-4983-879A-18E46489D18E}.Release|Any CPU.Build.0 = Release|Any CPU
		{FBF24D65-7B9E-4F43-B517-A0BF44DD0132}.Debug|Any CPU.ActiveCfg = Debug|Any CPU
		{FBF24D65-7B9E-4F43-B517-A0BF44DD0132}.Debug|Any CPU.Build.0 = Debug|Any CPU
		{FBF24D65-7B9E-4F43-B517-A0BF44DD0132}.Release|Any CPU.ActiveCfg = Release|Any CPU
		{FBF24D65-7B9E-4F43-B517-A0BF44DD0132}.Release|Any CPU.Build.0 = Release|Any CPU
		{8F253285-A57F-4AB7-9F1B-4FBC592AC493}.Debug|Any CPU.ActiveCfg = Debug|Any CPU
		{8F253285-A57F-4AB7-9F1B-4FBC592AC493}.Debug|Any CPU.Build.0 = Debug|Any CPU
		{8F253285-A57F-4AB7-9F1B-4FBC592AC493}.Release|Any CPU.ActiveCfg = Release|Any CPU
		{8F253285-A57F-4AB7-9F1B-4FBC592AC493}.Release|Any CPU.Build.0 = Release|Any CPU
		{843977A7-04F9-423D-977C-0F4BE823CEDD}.Debug|Any CPU.ActiveCfg = Debug|Any CPU
		{843977A7-04F9-423D-977C-0F4BE823CEDD}.Debug|Any CPU.Build.0 = Debug|Any CPU
		{843977A7-04F9-423D-977C-0F4BE823CEDD}.Release|Any CPU.ActiveCfg = Release|Any CPU
		{843977A7-04F9-423D-977C-0F4BE823CEDD}.Release|Any CPU.Build.0 = Release|Any CPU
		{79CE4078-C1F8-4A51-8620-60E9AC6684B1}.Debug|Any CPU.ActiveCfg = Debug|Any CPU
		{79CE4078-C1F8-4A51-8620-60E9AC6684B1}.Debug|Any CPU.Build.0 = Debug|Any CPU
		{79CE4078-C1F8-4A51-8620-60E9AC6684B1}.Release|Any CPU.ActiveCfg = Release|Any CPU
		{79CE4078-C1F8-4A51-8620-60E9AC6684B1}.Release|Any CPU.Build.0 = Release|Any CPU
		{C22B78BE-417D-44C3-A9A1-82187A7C490B}.Debug|Any CPU.ActiveCfg = Debug|Any CPU
		{C22B78BE-417D-44C3-A9A1-82187A7C490B}.Debug|Any CPU.Build.0 = Debug|Any CPU
		{C22B78BE-417D-44C3-A9A1-82187A7C490B}.Release|Any CPU.ActiveCfg = Release|Any CPU
		{C22B78BE-417D-44C3-A9A1-82187A7C490B}.Release|Any CPU.Build.0 = Release|Any CPU
		{FCEF6287-B050-4931-9A42-B4B962251DC6}.Debug|Any CPU.ActiveCfg = Debug|Any CPU
		{FCEF6287-B050-4931-9A42-B4B962251DC6}.Debug|Any CPU.Build.0 = Debug|Any CPU
		{FCEF6287-B050-4931-9A42-B4B962251DC6}.Release|Any CPU.ActiveCfg = Release|Any CPU
		{FCEF6287-B050-4931-9A42-B4B962251DC6}.Release|Any CPU.Build.0 = Release|Any CPU
		{BEAD2632-5C4C-4B87-ACC8-1199E524550B}.Debug|Any CPU.ActiveCfg = Debug|Any CPU
		{BEAD2632-5C4C-4B87-ACC8-1199E524550B}.Debug|Any CPU.Build.0 = Debug|Any CPU
		{BEAD2632-5C4C-4B87-ACC8-1199E524550B}.Release|Any CPU.ActiveCfg = Release|Any CPU
		{BEAD2632-5C4C-4B87-ACC8-1199E524550B}.Release|Any CPU.Build.0 = Release|Any CPU
		{66815C72-CC44-4B3E-AB7F-BCD1EB7FFDB0}.Debug|Any CPU.ActiveCfg = Debug|Any CPU
		{66815C72-CC44-4B3E-AB7F-BCD1EB7FFDB0}.Debug|Any CPU.Build.0 = Debug|Any CPU
		{66815C72-CC44-4B3E-AB7F-BCD1EB7FFDB0}.Release|Any CPU.ActiveCfg = Release|Any CPU
		{66815C72-CC44-4B3E-AB7F-BCD1EB7FFDB0}.Release|Any CPU.Build.0 = Release|Any CPU
		{530BDB0D-F992-4F70-9C3F-941EC37F745C}.Debug|Any CPU.ActiveCfg = Debug|Any CPU
		{530BDB0D-F992-4F70-9C3F-941EC37F745C}.Debug|Any CPU.Build.0 = Debug|Any CPU
		{530BDB0D-F992-4F70-9C3F-941EC37F745C}.Release|Any CPU.ActiveCfg = Release|Any CPU
		{530BDB0D-F992-4F70-9C3F-941EC37F745C}.Release|Any CPU.Build.0 = Release|Any CPU
		{103DDF42-4740-4A0C-AE55-3228920D9EB6}.Debug|Any CPU.ActiveCfg = Debug|Any CPU
		{103DDF42-4740-4A0C-AE55-3228920D9EB6}.Debug|Any CPU.Build.0 = Debug|Any CPU
		{103DDF42-4740-4A0C-AE55-3228920D9EB6}.Release|Any CPU.ActiveCfg = Release|Any CPU
		{103DDF42-4740-4A0C-AE55-3228920D9EB6}.Release|Any CPU.Build.0 = Release|Any CPU
		{8DFDAD0B-6E50-44EF-B6CA-5D1CA8D78079}.Debug|Any CPU.ActiveCfg = Debug|Any CPU
		{8DFDAD0B-6E50-44EF-B6CA-5D1CA8D78079}.Debug|Any CPU.Build.0 = Debug|Any CPU
		{8DFDAD0B-6E50-44EF-B6CA-5D1CA8D78079}.Release|Any CPU.ActiveCfg = Release|Any CPU
		{8DFDAD0B-6E50-44EF-B6CA-5D1CA8D78079}.Release|Any CPU.Build.0 = Release|Any CPU
		{A6B0C814-4D4E-46F8-8BAF-927AD8AA2040}.Debug|Any CPU.ActiveCfg = Debug|Any CPU
		{A6B0C814-4D4E-46F8-8BAF-927AD8AA2040}.Debug|Any CPU.Build.0 = Debug|Any CPU
		{A6B0C814-4D4E-46F8-8BAF-927AD8AA2040}.Release|Any CPU.ActiveCfg = Release|Any CPU
		{A6B0C814-4D4E-46F8-8BAF-927AD8AA2040}.Release|Any CPU.Build.0 = Release|Any CPU
		{841004CB-60EE-4C9F-B0E0-C954EF003A33}.Debug|Any CPU.ActiveCfg = Debug|Any CPU
		{841004CB-60EE-4C9F-B0E0-C954EF003A33}.Debug|Any CPU.Build.0 = Debug|Any CPU
		{841004CB-60EE-4C9F-B0E0-C954EF003A33}.Release|Any CPU.ActiveCfg = Release|Any CPU
		{841004CB-60EE-4C9F-B0E0-C954EF003A33}.Release|Any CPU.Build.0 = Release|Any CPU
		{E063037E-F8D7-45F0-9A43-EFA48674214A}.Debug|Any CPU.ActiveCfg = Debug|Any CPU
		{E063037E-F8D7-45F0-9A43-EFA48674214A}.Debug|Any CPU.Build.0 = Debug|Any CPU
		{E063037E-F8D7-45F0-9A43-EFA48674214A}.Release|Any CPU.ActiveCfg = Release|Any CPU
		{E063037E-F8D7-45F0-9A43-EFA48674214A}.Release|Any CPU.Build.0 = Release|Any CPU
		{65E42896-62E9-42B2-BE81-0B779F6E3A24}.Debug|Any CPU.ActiveCfg = Debug|Any CPU
		{65E42896-62E9-42B2-BE81-0B779F6E3A24}.Debug|Any CPU.Build.0 = Debug|Any CPU
		{65E42896-62E9-42B2-BE81-0B779F6E3A24}.Release|Any CPU.ActiveCfg = Release|Any CPU
		{65E42896-62E9-42B2-BE81-0B779F6E3A24}.Release|Any CPU.Build.0 = Release|Any CPU
		{01F06C57-9DFF-4BFF-A35A-F4B469324FD4}.Debug|Any CPU.ActiveCfg = Debug|Any CPU
		{01F06C57-9DFF-4BFF-A35A-F4B469324FD4}.Debug|Any CPU.Build.0 = Debug|Any CPU
		{01F06C57-9DFF-4BFF-A35A-F4B469324FD4}.Release|Any CPU.ActiveCfg = Release|Any CPU
		{01F06C57-9DFF-4BFF-A35A-F4B469324FD4}.Release|Any CPU.Build.0 = Release|Any CPU
		{1F9C33BC-051F-4752-A517-FED693FC3524}.Debug|Any CPU.ActiveCfg = Debug|Any CPU
		{1F9C33BC-051F-4752-A517-FED693FC3524}.Debug|Any CPU.Build.0 = Debug|Any CPU
		{1F9C33BC-051F-4752-A517-FED693FC3524}.Release|Any CPU.ActiveCfg = Release|Any CPU
		{1F9C33BC-051F-4752-A517-FED693FC3524}.Release|Any CPU.Build.0 = Release|Any CPU
		{FAD013CA-0D4B-4816-AA00-49BC3D312A3C}.Debug|Any CPU.ActiveCfg = Debug|Any CPU
		{FAD013CA-0D4B-4816-AA00-49BC3D312A3C}.Debug|Any CPU.Build.0 = Debug|Any CPU
		{FAD013CA-0D4B-4816-AA00-49BC3D312A3C}.Release|Any CPU.ActiveCfg = Release|Any CPU
		{FAD013CA-0D4B-4816-AA00-49BC3D312A3C}.Release|Any CPU.Build.0 = Release|Any CPU
		{CC77C8DC-5042-4B43-A35D-7393C5DD4AC4}.Debug|Any CPU.ActiveCfg = Debug|Any CPU
		{CC77C8DC-5042-4B43-A35D-7393C5DD4AC4}.Debug|Any CPU.Build.0 = Debug|Any CPU
		{CC77C8DC-5042-4B43-A35D-7393C5DD4AC4}.Release|Any CPU.ActiveCfg = Release|Any CPU
		{CC77C8DC-5042-4B43-A35D-7393C5DD4AC4}.Release|Any CPU.Build.0 = Release|Any CPU
		{48F88993-C23C-4FB5-9DEE-01DCD2022335}.Debug|Any CPU.ActiveCfg = Debug|Any CPU
		{48F88993-C23C-4FB5-9DEE-01DCD2022335}.Debug|Any CPU.Build.0 = Debug|Any CPU
		{48F88993-C23C-4FB5-9DEE-01DCD2022335}.Release|Any CPU.ActiveCfg = Release|Any CPU
		{48F88993-C23C-4FB5-9DEE-01DCD2022335}.Release|Any CPU.Build.0 = Release|Any CPU
		{E9A804D4-E435-406C-B658-B6135444A8D5}.Debug|Any CPU.ActiveCfg = Debug|Any CPU
		{E9A804D4-E435-406C-B658-B6135444A8D5}.Debug|Any CPU.Build.0 = Debug|Any CPU
		{E9A804D4-E435-406C-B658-B6135444A8D5}.Release|Any CPU.ActiveCfg = Release|Any CPU
		{E9A804D4-E435-406C-B658-B6135444A8D5}.Release|Any CPU.Build.0 = Release|Any CPU
		{08F6AB34-0A2C-49B6-85B2-70A91418D40E}.Debug|Any CPU.ActiveCfg = Debug|Any CPU
		{08F6AB34-0A2C-49B6-85B2-70A91418D40E}.Debug|Any CPU.Build.0 = Debug|Any CPU
		{08F6AB34-0A2C-49B6-85B2-70A91418D40E}.Release|Any CPU.ActiveCfg = Release|Any CPU
		{08F6AB34-0A2C-49B6-85B2-70A91418D40E}.Release|Any CPU.Build.0 = Release|Any CPU
		{F1ED2E88-01A5-470A-B62E-33360EDAA442}.Debug|Any CPU.ActiveCfg = Debug|Any CPU
		{F1ED2E88-01A5-470A-B62E-33360EDAA442}.Debug|Any CPU.Build.0 = Debug|Any CPU
		{F1ED2E88-01A5-470A-B62E-33360EDAA442}.Release|Any CPU.ActiveCfg = Release|Any CPU
		{F1ED2E88-01A5-470A-B62E-33360EDAA442}.Release|Any CPU.Build.0 = Release|Any CPU
		{6ED85344-EAC2-4270-A1B4-7D41F048EE71}.Debug|Any CPU.ActiveCfg = Debug|Any CPU
		{6ED85344-EAC2-4270-A1B4-7D41F048EE71}.Debug|Any CPU.Build.0 = Debug|Any CPU
		{6ED85344-EAC2-4270-A1B4-7D41F048EE71}.Release|Any CPU.ActiveCfg = Release|Any CPU
		{6ED85344-EAC2-4270-A1B4-7D41F048EE71}.Release|Any CPU.Build.0 = Release|Any CPU
		{63CCBA94-9CC4-4955-A46F-1323EAEC73CC}.Debug|Any CPU.ActiveCfg = Debug|Any CPU
		{63CCBA94-9CC4-4955-A46F-1323EAEC73CC}.Debug|Any CPU.Build.0 = Debug|Any CPU
		{63CCBA94-9CC4-4955-A46F-1323EAEC73CC}.Release|Any CPU.ActiveCfg = Release|Any CPU
		{63CCBA94-9CC4-4955-A46F-1323EAEC73CC}.Release|Any CPU.Build.0 = Release|Any CPU
		{B97D6A1C-28E3-444C-A7E9-B7CB83D32110}.Debug|Any CPU.ActiveCfg = Debug|Any CPU
		{B97D6A1C-28E3-444C-A7E9-B7CB83D32110}.Debug|Any CPU.Build.0 = Debug|Any CPU
		{B97D6A1C-28E3-444C-A7E9-B7CB83D32110}.Release|Any CPU.ActiveCfg = Release|Any CPU
		{B97D6A1C-28E3-444C-A7E9-B7CB83D32110}.Release|Any CPU.Build.0 = Release|Any CPU
		{90B6A6F2-F354-4A76-8A0C-5BB0FF70A731}.Debug|Any CPU.ActiveCfg = Debug|Any CPU
		{90B6A6F2-F354-4A76-8A0C-5BB0FF70A731}.Debug|Any CPU.Build.0 = Debug|Any CPU
		{90B6A6F2-F354-4A76-8A0C-5BB0FF70A731}.Release|Any CPU.ActiveCfg = Release|Any CPU
		{90B6A6F2-F354-4A76-8A0C-5BB0FF70A731}.Release|Any CPU.Build.0 = Release|Any CPU
		{83AC1183-C4C0-4B18-A7F9-F162FC1707AF}.Debug|Any CPU.ActiveCfg = Debug|Any CPU
		{83AC1183-C4C0-4B18-A7F9-F162FC1707AF}.Debug|Any CPU.Build.0 = Debug|Any CPU
		{83AC1183-C4C0-4B18-A7F9-F162FC1707AF}.Release|Any CPU.ActiveCfg = Release|Any CPU
		{83AC1183-C4C0-4B18-A7F9-F162FC1707AF}.Release|Any CPU.Build.0 = Release|Any CPU
		{80A000CE-DD1D-459C-956F-0BF68764356E}.Debug|Any CPU.ActiveCfg = Debug|Any CPU
		{80A000CE-DD1D-459C-956F-0BF68764356E}.Debug|Any CPU.Build.0 = Debug|Any CPU
		{80A000CE-DD1D-459C-956F-0BF68764356E}.Release|Any CPU.ActiveCfg = Release|Any CPU
		{80A000CE-DD1D-459C-956F-0BF68764356E}.Release|Any CPU.Build.0 = Release|Any CPU
		{32DABA1B-E922-4F5A-91B2-D45E17CFCF6F}.Debug|Any CPU.ActiveCfg = Debug|Any CPU
		{32DABA1B-E922-4F5A-91B2-D45E17CFCF6F}.Debug|Any CPU.Build.0 = Debug|Any CPU
		{32DABA1B-E922-4F5A-91B2-D45E17CFCF6F}.Release|Any CPU.ActiveCfg = Release|Any CPU
		{32DABA1B-E922-4F5A-91B2-D45E17CFCF6F}.Release|Any CPU.Build.0 = Release|Any CPU
		{B6AE1499-49F3-4339-B8DD-46EDB8B0D6C5}.Debug|Any CPU.ActiveCfg = Debug|Any CPU
		{B6AE1499-49F3-4339-B8DD-46EDB8B0D6C5}.Debug|Any CPU.Build.0 = Debug|Any CPU
		{B6AE1499-49F3-4339-B8DD-46EDB8B0D6C5}.Release|Any CPU.ActiveCfg = Release|Any CPU
		{B6AE1499-49F3-4339-B8DD-46EDB8B0D6C5}.Release|Any CPU.Build.0 = Release|Any CPU
		{A9549A96-6BFA-48DA-A66B-931EFFB539B5}.Debug|Any CPU.ActiveCfg = Debug|Any CPU
		{A9549A96-6BFA-48DA-A66B-931EFFB539B5}.Debug|Any CPU.Build.0 = Debug|Any CPU
		{A9549A96-6BFA-48DA-A66B-931EFFB539B5}.Release|Any CPU.ActiveCfg = Release|Any CPU
		{A9549A96-6BFA-48DA-A66B-931EFFB539B5}.Release|Any CPU.Build.0 = Release|Any CPU
		{2BAC538E-E5E9-4456-88B4-4AAFACBC3123}.Debug|Any CPU.ActiveCfg = Debug|Any CPU
		{2BAC538E-E5E9-4456-88B4-4AAFACBC3123}.Debug|Any CPU.Build.0 = Debug|Any CPU
		{2BAC538E-E5E9-4456-88B4-4AAFACBC3123}.Release|Any CPU.ActiveCfg = Release|Any CPU
		{2BAC538E-E5E9-4456-88B4-4AAFACBC3123}.Release|Any CPU.Build.0 = Release|Any CPU
		{B4582A5F-6C1C-4F72-A432-D9A3FFADEA9F}.Debug|Any CPU.ActiveCfg = Debug|Any CPU
		{B4582A5F-6C1C-4F72-A432-D9A3FFADEA9F}.Debug|Any CPU.Build.0 = Debug|Any CPU
		{B4582A5F-6C1C-4F72-A432-D9A3FFADEA9F}.Release|Any CPU.ActiveCfg = Release|Any CPU
		{B4582A5F-6C1C-4F72-A432-D9A3FFADEA9F}.Release|Any CPU.Build.0 = Release|Any CPU
		{795E1C14-6AAD-41A2-A79E-23C707DC27EE}.Debug|Any CPU.ActiveCfg = Debug|Any CPU
		{795E1C14-6AAD-41A2-A79E-23C707DC27EE}.Debug|Any CPU.Build.0 = Debug|Any CPU
		{795E1C14-6AAD-41A2-A79E-23C707DC27EE}.Release|Any CPU.ActiveCfg = Release|Any CPU
		{795E1C14-6AAD-41A2-A79E-23C707DC27EE}.Release|Any CPU.Build.0 = Release|Any CPU
		{C50E1AFC-8BD4-4631-8336-3B2D855C7675}.Debug|Any CPU.ActiveCfg = Debug|Any CPU
		{C50E1AFC-8BD4-4631-8336-3B2D855C7675}.Debug|Any CPU.Build.0 = Debug|Any CPU
		{C50E1AFC-8BD4-4631-8336-3B2D855C7675}.Release|Any CPU.ActiveCfg = Release|Any CPU
		{C50E1AFC-8BD4-4631-8336-3B2D855C7675}.Release|Any CPU.Build.0 = Release|Any CPU
		{4AAADD5B-149A-4039-832F-31176B4B2BC9}.Debug|Any CPU.ActiveCfg = Debug|Any CPU
		{4AAADD5B-149A-4039-832F-31176B4B2BC9}.Debug|Any CPU.Build.0 = Debug|Any CPU
		{4AAADD5B-149A-4039-832F-31176B4B2BC9}.Release|Any CPU.ActiveCfg = Release|Any CPU
		{4AAADD5B-149A-4039-832F-31176B4B2BC9}.Release|Any CPU.Build.0 = Release|Any CPU
		{AF25A90C-FEE0-4016-B985-A9E0B082458D}.Debug|Any CPU.ActiveCfg = Debug|Any CPU
		{AF25A90C-FEE0-4016-B985-A9E0B082458D}.Debug|Any CPU.Build.0 = Debug|Any CPU
		{AF25A90C-FEE0-4016-B985-A9E0B082458D}.Release|Any CPU.ActiveCfg = Release|Any CPU
		{AF25A90C-FEE0-4016-B985-A9E0B082458D}.Release|Any CPU.Build.0 = Release|Any CPU
		{38BD0B84-48AB-4FED-804B-D586852F12F1}.Debug|Any CPU.ActiveCfg = Debug|Any CPU
		{38BD0B84-48AB-4FED-804B-D586852F12F1}.Debug|Any CPU.Build.0 = Debug|Any CPU
		{38BD0B84-48AB-4FED-804B-D586852F12F1}.Release|Any CPU.ActiveCfg = Release|Any CPU
		{38BD0B84-48AB-4FED-804B-D586852F12F1}.Release|Any CPU.Build.0 = Release|Any CPU
		{14DAE5D6-D444-4105-919F-2624EF74BCF1}.Debug|Any CPU.ActiveCfg = Debug|Any CPU
		{14DAE5D6-D444-4105-919F-2624EF74BCF1}.Debug|Any CPU.Build.0 = Debug|Any CPU
		{14DAE5D6-D444-4105-919F-2624EF74BCF1}.Release|Any CPU.ActiveCfg = Release|Any CPU
		{14DAE5D6-D444-4105-919F-2624EF74BCF1}.Release|Any CPU.Build.0 = Release|Any CPU
		{963BCC43-B344-4FC6-8E86-7D504E16F9C6}.Debug|Any CPU.ActiveCfg = Debug|Any CPU
		{963BCC43-B344-4FC6-8E86-7D504E16F9C6}.Debug|Any CPU.Build.0 = Debug|Any CPU
		{963BCC43-B344-4FC6-8E86-7D504E16F9C6}.Release|Any CPU.ActiveCfg = Release|Any CPU
		{963BCC43-B344-4FC6-8E86-7D504E16F9C6}.Release|Any CPU.Build.0 = Release|Any CPU
		{831B2E96-5D59-487E-A773-F1427A931B63}.Debug|Any CPU.ActiveCfg = Debug|Any CPU
		{831B2E96-5D59-487E-A773-F1427A931B63}.Debug|Any CPU.Build.0 = Debug|Any CPU
		{831B2E96-5D59-487E-A773-F1427A931B63}.Release|Any CPU.ActiveCfg = Release|Any CPU
		{831B2E96-5D59-487E-A773-F1427A931B63}.Release|Any CPU.Build.0 = Release|Any CPU
		{BFFF3EE2-24DE-4AE9-B737-06BF313655AD}.Debug|Any CPU.ActiveCfg = Debug|Any CPU
		{BFFF3EE2-24DE-4AE9-B737-06BF313655AD}.Debug|Any CPU.Build.0 = Debug|Any CPU
		{BFFF3EE2-24DE-4AE9-B737-06BF313655AD}.Release|Any CPU.ActiveCfg = Release|Any CPU
		{BFFF3EE2-24DE-4AE9-B737-06BF313655AD}.Release|Any CPU.Build.0 = Release|Any CPU
		{27B13B06-69F1-4908-8700-8BDE94341D04}.Debug|Any CPU.ActiveCfg = Debug|Any CPU
		{27B13B06-69F1-4908-8700-8BDE94341D04}.Debug|Any CPU.Build.0 = Debug|Any CPU
		{27B13B06-69F1-4908-8700-8BDE94341D04}.Release|Any CPU.ActiveCfg = Release|Any CPU
		{27B13B06-69F1-4908-8700-8BDE94341D04}.Release|Any CPU.Build.0 = Release|Any CPU
		{940E4760-C0B4-4915-A121-7BE79E44251A}.Debug|Any CPU.ActiveCfg = Debug|Any CPU
		{940E4760-C0B4-4915-A121-7BE79E44251A}.Debug|Any CPU.Build.0 = Debug|Any CPU
		{940E4760-C0B4-4915-A121-7BE79E44251A}.Release|Any CPU.ActiveCfg = Release|Any CPU
		{940E4760-C0B4-4915-A121-7BE79E44251A}.Release|Any CPU.Build.0 = Release|Any CPU
	EndGlobalSection
	GlobalSection(SolutionProperties) = preSolution
		HideSolutionNode = FALSE
	EndGlobalSection
	GlobalSection(NestedProjects) = preSolution
		{3D4087B4-A96B-4708-AC34-6D12079E7525} = {597F3950-7EDE-4901-BD63-ABDF8C6A365E}
		{54B98C21-75D5-4F68-8F51-5859A0916738} = {F68F9531-D378-4E58-9C2A-21330E99B355}
		{2C0A5EBA-EE00-4336-BF2A-476D6D6323E0} = {F68F9531-D378-4E58-9C2A-21330E99B355}
		{DA13B675-E9C7-4C44-8978-2FF77ED8CD3A} = {F68F9531-D378-4E58-9C2A-21330E99B355}
		{637B97DD-1030-4AA2-9E4E-1841D88EEC43} = {F68F9531-D378-4E58-9C2A-21330E99B355}
		{AD357325-9E71-4E37-9912-C450B68F3748} = {ED863340-0EB0-4C58-8ACD-41474DBB7699}
		{4F2E78DE-C548-4530-9608-58779926C552} = {ED863340-0EB0-4C58-8ACD-41474DBB7699}
		{E0E46591-CA84-46B6-8BEF-9443ADE14431} = {7E800F39-4306-45DD-91F4-432F734DD898}
		{4483C45E-BB14-4CAF-9B66-6004152EAAAC} = {7E800F39-4306-45DD-91F4-432F734DD898}
		{D1D22F1F-5381-436C-969B-63652898BDC3} = {7E800F39-4306-45DD-91F4-432F734DD898}
		{7DE46FA4-2D70-4CD7-9FBB-96FA702D9B52} = {7E800F39-4306-45DD-91F4-432F734DD898}
		{62D44B70-1137-47CB-B2B8-8F78FD2F3AEA} = {7E800F39-4306-45DD-91F4-432F734DD898}
		{46EBFA8F-62C2-4DB8-9861-D17E739816CC} = {7E800F39-4306-45DD-91F4-432F734DD898}
		{83611608-4F17-4759-A851-CA84D985F520} = {7E800F39-4306-45DD-91F4-432F734DD898}
		{13C5D22F-0AE3-4E7A-8BEC-09EF8F8F3033} = {8281B460-D130-41B1-9591-DB29B5ADDC14}
		{321E4883-4466-4174-A841-18E17209212F} = {8281B460-D130-41B1-9591-DB29B5ADDC14}
		{B2411CA4-5B94-4140-86FA-02107061C217} = {8281B460-D130-41B1-9591-DB29B5ADDC14}
		{A7EA09C4-28E8-485B-B93C-61F64B77EE27} = {8281B460-D130-41B1-9591-DB29B5ADDC14}
		{4BACA10A-BC81-4872-85C5-29FEA91D8D4A} = {88C7D41D-F2AC-47D7-A76D-114EBFED1AF1}
		{60FCD47C-5035-4079-9B68-48D05B32D81F} = {88C7D41D-F2AC-47D7-A76D-114EBFED1AF1}
		{E3BC036F-3B61-4617-B71C-D0E643C6A9DD} = {7722498C-3A9E-4229-B906-80847E785E6E}
		{B7D341A7-33DE-4245-9A07-D2814CCF1748} = {7722498C-3A9E-4229-B906-80847E785E6E}
		{96ABF4F1-E0FB-4779-93E3-64F11CDCC451} = {60A34CD4-514A-453B-BEED-61C4C9E19117}
		{62514804-C202-4B8B-8BC0-04E114102D3C} = {60A34CD4-514A-453B-BEED-61C4C9E19117}
		{2AD227DD-D38F-4C22-A531-73842DAA8129} = {60A34CD4-514A-453B-BEED-61C4C9E19117}
		{4CD1233D-C16D-4983-879A-18E46489D18E} = {2A8E7E2B-9562-481A-8CB8-22CFCAFF378E}
		{FBF24D65-7B9E-4F43-B517-A0BF44DD0132} = {2A8E7E2B-9562-481A-8CB8-22CFCAFF378E}
		{8F253285-A57F-4AB7-9F1B-4FBC592AC493} = {2A8E7E2B-9562-481A-8CB8-22CFCAFF378E}
		{843977A7-04F9-423D-977C-0F4BE823CEDD} = {B63C8429-36D6-4E01-BCC8-64524D5093E5}
		{79CE4078-C1F8-4A51-8620-60E9AC6684B1} = {B63C8429-36D6-4E01-BCC8-64524D5093E5}
		{C22B78BE-417D-44C3-A9A1-82187A7C490B} = {B63C8429-36D6-4E01-BCC8-64524D5093E5}
		{FCEF6287-B050-4931-9A42-B4B962251DC6} = {B63C8429-36D6-4E01-BCC8-64524D5093E5}
		{BEAD2632-5C4C-4B87-ACC8-1199E524550B} = {E8D30A03-BE38-47FA-91B8-1233BC43D950}
		{66815C72-CC44-4B3E-AB7F-BCD1EB7FFDB0} = {E8D30A03-BE38-47FA-91B8-1233BC43D950}
		{530BDB0D-F992-4F70-9C3F-941EC37F745C} = {8EE4221D-6BCC-4D54-9FA3-BF5A1083DC4D}
		{103DDF42-4740-4A0C-AE55-3228920D9EB6} = {8EE4221D-6BCC-4D54-9FA3-BF5A1083DC4D}
		{8DFDAD0B-6E50-44EF-B6CA-5D1CA8D78079} = {8EE4221D-6BCC-4D54-9FA3-BF5A1083DC4D}
		{A6B0C814-4D4E-46F8-8BAF-927AD8AA2040} = {95D7DBA7-8287-4CD8-931D-E96F57B5D4EA}
		{841004CB-60EE-4C9F-B0E0-C954EF003A33} = {95D7DBA7-8287-4CD8-931D-E96F57B5D4EA}
		{E063037E-F8D7-45F0-9A43-EFA48674214A} = {95D7DBA7-8287-4CD8-931D-E96F57B5D4EA}
		{65E42896-62E9-42B2-BE81-0B779F6E3A24} = {95D7DBA7-8287-4CD8-931D-E96F57B5D4EA}
		{01F06C57-9DFF-4BFF-A35A-F4B469324FD4} = {A3694277-E2F7-4A4D-930B-6880FF5FDC71}
		{1F9C33BC-051F-4752-A517-FED693FC3524} = {A3694277-E2F7-4A4D-930B-6880FF5FDC71}
		{FAD013CA-0D4B-4816-AA00-49BC3D312A3C} = {A3694277-E2F7-4A4D-930B-6880FF5FDC71}
		{CC77C8DC-5042-4B43-A35D-7393C5DD4AC4} = {A3694277-E2F7-4A4D-930B-6880FF5FDC71}
		{48F88993-C23C-4FB5-9DEE-01DCD2022335} = {A3694277-E2F7-4A4D-930B-6880FF5FDC71}
		{E9A804D4-E435-406C-B658-B6135444A8D5} = {89B6E1EB-374B-4DEC-A9E9-C193DF7CF1CB}
		{08F6AB34-0A2C-49B6-85B2-70A91418D40E} = {89B6E1EB-374B-4DEC-A9E9-C193DF7CF1CB}
		{F1ED2E88-01A5-470A-B62E-33360EDAA442} = {89B6E1EB-374B-4DEC-A9E9-C193DF7CF1CB}
		{6ED85344-EAC2-4270-A1B4-7D41F048EE71} = {89B6E1EB-374B-4DEC-A9E9-C193DF7CF1CB}
		{63CCBA94-9CC4-4955-A46F-1323EAEC73CC} = {FFE2B465-C52C-4E3A-A860-AE462F5F127E}
		{B97D6A1C-28E3-444C-A7E9-B7CB83D32110} = {FFE2B465-C52C-4E3A-A860-AE462F5F127E}
		{90B6A6F2-F354-4A76-8A0C-5BB0FF70A731} = {FFE2B465-C52C-4E3A-A860-AE462F5F127E}
		{83AC1183-C4C0-4B18-A7F9-F162FC1707AF} = {FFE2B465-C52C-4E3A-A860-AE462F5F127E}
		{80A000CE-DD1D-459C-956F-0BF68764356E} = {FFE2B465-C52C-4E3A-A860-AE462F5F127E}
		{32DABA1B-E922-4F5A-91B2-D45E17CFCF6F} = {FFE2B465-C52C-4E3A-A860-AE462F5F127E}
		{B6AE1499-49F3-4339-B8DD-46EDB8B0D6C5} = {FFE2B465-C52C-4E3A-A860-AE462F5F127E}
		{A9549A96-6BFA-48DA-A66B-931EFFB539B5} = {FFE2B465-C52C-4E3A-A860-AE462F5F127E}
		{2BAC538E-E5E9-4456-88B4-4AAFACBC3123} = {FFE2B465-C52C-4E3A-A860-AE462F5F127E}
		{B4582A5F-6C1C-4F72-A432-D9A3FFADEA9F} = {FFE2B465-C52C-4E3A-A860-AE462F5F127E}
		{795E1C14-6AAD-41A2-A79E-23C707DC27EE} = {FFE2B465-C52C-4E3A-A860-AE462F5F127E}
		{C50E1AFC-8BD4-4631-8336-3B2D855C7675} = {4237019E-2601-49E7-8316-9C364E9F4427}
		{4AAADD5B-149A-4039-832F-31176B4B2BC9} = {4237019E-2601-49E7-8316-9C364E9F4427}
		{AF25A90C-FEE0-4016-B985-A9E0B082458D} = {4237019E-2601-49E7-8316-9C364E9F4427}
		{38BD0B84-48AB-4FED-804B-D586852F12F1} = {D97BAB4B-D5D1-412A-9D31-4B6390D4775E}
		{14DAE5D6-D444-4105-919F-2624EF74BCF1} = {D97BAB4B-D5D1-412A-9D31-4B6390D4775E}
		{963BCC43-B344-4FC6-8E86-7D504E16F9C6} = {D97BAB4B-D5D1-412A-9D31-4B6390D4775E}
		{831B2E96-5D59-487E-A773-F1427A931B63} = {D97BAB4B-D5D1-412A-9D31-4B6390D4775E}
		{BFFF3EE2-24DE-4AE9-B737-06BF313655AD} = {983B3722-5BC0-44B0-8F06-A8B769088CF1}
		{27B13B06-69F1-4908-8700-8BDE94341D04} = {983B3722-5BC0-44B0-8F06-A8B769088CF1}
		{940E4760-C0B4-4915-A121-7BE79E44251A} = {1994EF6D-2EFA-405E-9973-CBA70EDA3A16}
	EndGlobalSection
	GlobalSection(ExtensibilityGlobals) = postSolution
		SolutionGuid = {E79EC370-7CC2-46FC-A781-5FFBFC2BF568}
	EndGlobalSection
EndGlobal
